PODS:
  - Alamofire (4.3.0)
  - CommonUtilities (1.0.0)
  - Crashlytics (3.8.3):
    - Fabric (~> 1.6.3)
  - Fabric (1.6.11)
  - Shimmer (1.0.2)
  - SnapKit (3.1.2)

DEPENDENCIES:
  - Alamofire
  - CommonUtilities (from `../../CommonUtilities/`)
  - Crashlytics
  - Fabric
  - Shimmer
  - SnapKit

EXTERNAL SOURCES:
  CommonUtilities:
    :path: ../../CommonUtilities/

SPEC CHECKSUMS:
  Alamofire: 856a113053a7bc9cbe5d6367a555d773fc5cfef7
  CommonUtilities: 4c650e01957adcf97d47bd156d1082e6251509dd
  Crashlytics: 2b6dbe138a42395577cfa73dfa1aa7248cadf39e
  Fabric: 5911403591946b8228ab1c51d98f1d7137e863c6
  Shimmer: c5374be1c2b0c9e292fb05b339a513cf291cac86
  SnapKit: 12b24f569cb7c143acc9c22b9d91b23e7b1c84a2

PODFILE CHECKSUM: 2aa433b9120c1deac4f7596cf941ee69804f04a1

COCOAPODS: 1.2.0
