// !$*UTF8*$!
{
	archiveVersion = 1;
	classes = {
	};
	objectVersion = 46;
	objects = {

/* Begin PBXBuildFile section */
		0C4F4DD71E3F07E50075085E /* AppDelegate.swift in Sources */ = {isa = PBXBuildFile; fileRef = 0C4F4DD61E3F07E50075085E /* AppDelegate.swift */; };
		0C4F4DDE1E3F07E50075085E /* Assets.xcassets in Resources */ = {isa = PBXBuildFile; fileRef = 0C4F4DDD1E3F07E50075085E /* Assets.xcassets */; };
		0C4F4DE11E3F07E50075085E /* LaunchScreen.storyboard in Resources */ = {isa = PBXBuildFile; fileRef = 0C4F4DDF1E3F07E50075085E /* LaunchScreen.storyboard */; };
		0C4F4DEC1E3F07E50075085E /* PromoHuntTests.swift in Sources */ = {isa = PBXBuildFile; fileRef = 0C4F4DEB1E3F07E50075085E /* PromoHuntTests.swift */; };
		0C4F4DF71E3F07E50075085E /* PromoHuntUITests.swift in Sources */ = {isa = PBXBuildFile; fileRef = 0C4F4DF61E3F07E50075085E /* PromoHuntUITests.swift */; };
		0C86196B1E41A1110024F70E /* Promo.swift in Sources */ = {isa = PBXBuildFile; fileRef = 0C86196A1E41A1110024F70E /* Promo.swift */; };
		0C86196C1E41A1110024F70E /* Promo.swift in Sources */ = {isa = PBXBuildFile; fileRef = 0C86196A1E41A1110024F70E /* Promo.swift */; };
		0C89FCE51E4ED17300A0A604 /* CompanyLoadingCollectionViewCell.swift in Sources */ = {isa = PBXBuildFile; fileRef = 0C89FCE41E4ED17300A0A604 /* CompanyLoadingCollectionViewCell.swift */; };
		0C89FCE61E4ED17300A0A604 /* CompanyLoadingCollectionViewCell.swift in Sources */ = {isa = PBXBuildFile; fileRef = 0C89FCE41E4ED17300A0A604 /* CompanyLoadingCollectionViewCell.swift */; };
		0C89FCE81E4ED19C00A0A604 /* CompanyLoadingCollectionViewCell.xib in Resources */ = {isa = PBXBuildFile; fileRef = 0C89FCE71E4ED19C00A0A604 /* CompanyLoadingCollectionViewCell.xib */; };
		0C89FCE91E4ED19C00A0A604 /* CompanyLoadingCollectionViewCell.xib in Resources */ = {isa = PBXBuildFile; fileRef = 0C89FCE71E4ED19C00A0A604 /* CompanyLoadingCollectionViewCell.xib */; };
		0CB8865F1E3F0BEE00B94685 /* HTTPManager.swift .swift in Sources */ = {isa = PBXBuildFile; fileRef = 0CB8865E1E3F0BEE00B94685 /* HTTPManager.swift .swift */; };
		0CB886601E3F0BEE00B94685 /* HTTPManager.swift .swift in Sources */ = {isa = PBXBuildFile; fileRef = 0CB8865E1E3F0BEE00B94685 /* HTTPManager.swift .swift */; };
		0CB886621E3F0CC700B94685 /* HTTPManager+Alamofire.swift in Sources */ = {isa = PBXBuildFile; fileRef = 0CB886611E3F0CC700B94685 /* HTTPManager+Alamofire.swift */; };
		0CB886631E3F0CC700B94685 /* HTTPManager+Alamofire.swift in Sources */ = {isa = PBXBuildFile; fileRef = 0CB886611E3F0CC700B94685 /* HTTPManager+Alamofire.swift */; };
		0CB886671E3F0F9400B94685 /* API.swift in Sources */ = {isa = PBXBuildFile; fileRef = 0CB886661E3F0F9400B94685 /* API.swift */; };
		0CB886681E3F0F9400B94685 /* API.swift in Sources */ = {isa = PBXBuildFile; fileRef = 0CB886661E3F0F9400B94685 /* API.swift */; };
		0CB8866A1E3F0FAE00B94685 /* Secrets.swift in Sources */ = {isa = PBXBuildFile; fileRef = 0CB886691E3F0FAE00B94685 /* Secrets.swift */; };
		0CB8866B1E3F0FAE00B94685 /* Secrets.swift in Sources */ = {isa = PBXBuildFile; fileRef = 0CB886691E3F0FAE00B94685 /* Secrets.swift */; };
		0CB886711E3F386A00B94685 /* Company.swift in Sources */ = {isa = PBXBuildFile; fileRef = 0CB886701E3F386A00B94685 /* Company.swift */; };
		0CB886721E3F386A00B94685 /* Company.swift in Sources */ = {isa = PBXBuildFile; fileRef = 0CB886701E3F386A00B94685 /* Company.swift */; };
		0CB886741E3F3D9300B94685 /* APIFetchRequests.swift in Sources */ = {isa = PBXBuildFile; fileRef = 0CB886731E3F3D9300B94685 /* APIFetchRequests.swift */; };
		0CB886751E3F3D9300B94685 /* APIFetchRequests.swift in Sources */ = {isa = PBXBuildFile; fileRef = 0CB886731E3F3D9300B94685 /* APIFetchRequests.swift */; };
		0CB886771E3F3E5500B94685 /* APIHelpers.swift in Sources */ = {isa = PBXBuildFile; fileRef = 0CB886761E3F3E5500B94685 /* APIHelpers.swift */; };
		0CB886781E3F3E5500B94685 /* APIHelpers.swift in Sources */ = {isa = PBXBuildFile; fileRef = 0CB886761E3F3E5500B94685 /* APIHelpers.swift */; };
		0CE77DE31E47A51100B3FC42 /* CompaniesViewController.swift in Sources */ = {isa = PBXBuildFile; fileRef = 0CE77DE11E47A51100B3FC42 /* CompaniesViewController.swift */; };
		0CE77DE41E47A51100B3FC42 /* CompaniesViewController.swift in Sources */ = {isa = PBXBuildFile; fileRef = 0CE77DE11E47A51100B3FC42 /* CompaniesViewController.swift */; };
		0CE77DE51E47A51100B3FC42 /* CompaniesViewController.xib in Resources */ = {isa = PBXBuildFile; fileRef = 0CE77DE21E47A51100B3FC42 /* CompaniesViewController.xib */; };
		0CE77DE61E47A51100B3FC42 /* CompaniesViewController.xib in Resources */ = {isa = PBXBuildFile; fileRef = 0CE77DE21E47A51100B3FC42 /* CompaniesViewController.xib */; };
		550DA08E1E5151D40071B3B9 /* AppColors.swift in Sources */ = {isa = PBXBuildFile; fileRef = 550DA08D1E5151D40071B3B9 /* AppColors.swift */; };
		550DA0901E5156800071B3B9 /* CompanyCollectionViewCell.swift in Sources */ = {isa = PBXBuildFile; fileRef = 550DA08F1E5156800071B3B9 /* CompanyCollectionViewCell.swift */; };
		550DA0921E51568B0071B3B9 /* CompanyCollectionViewCell.xib in Resources */ = {isa = PBXBuildFile; fileRef = 550DA0911E51568B0071B3B9 /* CompanyCollectionViewCell.xib */; };
		550DA0931E5159BB0071B3B9 /* CompanyCollectionViewCell.xib in Resources */ = {isa = PBXBuildFile; fileRef = 550DA0911E51568B0071B3B9 /* CompanyCollectionViewCell.xib */; };
		550DA0961E515F2E0071B3B9 /* ImageDownloader.swift in Sources */ = {isa = PBXBuildFile; fileRef = 550DA0951E515F2E0071B3B9 /* ImageDownloader.swift */; };
		550DA0971E515F300071B3B9 /* ImageDownloader.swift in Sources */ = {isa = PBXBuildFile; fileRef = 550DA0951E515F2E0071B3B9 /* ImageDownloader.swift */; };
		550DA0991E5166E30071B3B9 /* ImageManager.swift in Sources */ = {isa = PBXBuildFile; fileRef = 550DA0981E5166E30071B3B9 /* ImageManager.swift */; };
		550DA09B1E516CD50071B3B9 /* ImageCache.swift in Sources */ = {isa = PBXBuildFile; fileRef = 550DA09A1E516CD50071B3B9 /* ImageCache.swift */; };
		550DA09C1E516CD50071B3B9 /* ImageCache.swift in Sources */ = {isa = PBXBuildFile; fileRef = 550DA09A1E516CD50071B3B9 /* ImageCache.swift */; };
		55AF3EBE1E5A5B190027D3EE /* PromoTableViewCell.swift in Sources */ = {isa = PBXBuildFile; fileRef = 55AF3EBD1E5A5B190027D3EE /* PromoTableViewCell.swift */; };
		55AF3EC01E5A5B290027D3EE /* PromoTableViewCell.xib in Resources */ = {isa = PBXBuildFile; fileRef = 55AF3EBF1E5A5B290027D3EE /* PromoTableViewCell.xib */; };
		55AF3EC41E5AC1DC0027D3EE /* PromoLoadingTableViewCell.swift in Sources */ = {isa = PBXBuildFile; fileRef = 55AF3EC31E5AC1DC0027D3EE /* PromoLoadingTableViewCell.swift */; };
		55AF3EC61E5AC1ED0027D3EE /* PromoLoadingTableViewCell.xib in Resources */ = {isa = PBXBuildFile; fileRef = 55AF3EC51E5AC1ED0027D3EE /* PromoLoadingTableViewCell.xib */; };
		55AF3ECA1E5AC6410027D3EE /* ShimmerView.swift in Sources */ = {isa = PBXBuildFile; fileRef = 55AF3EC91E5AC6410027D3EE /* ShimmerView.swift */; };
		55DB4BB51E52BEC6003146E4 /* PromosViewController.swift in Sources */ = {isa = PBXBuildFile; fileRef = 55DB4BB31E52BEC6003146E4 /* PromosViewController.swift */; };
		55DB4BB61E52BEC6003146E4 /* PromosViewController.swift in Sources */ = {isa = PBXBuildFile; fileRef = 55DB4BB31E52BEC6003146E4 /* PromosViewController.swift */; };
		55DB4BB71E52BEC6003146E4 /* PromosViewController.xib in Resources */ = {isa = PBXBuildFile; fileRef = 55DB4BB41E52BEC6003146E4 /* PromosViewController.xib */; };
		55DB4BB81E52BEC6003146E4 /* PromosViewController.xib in Resources */ = {isa = PBXBuildFile; fileRef = 55DB4BB41E52BEC6003146E4 /* PromosViewController.xib */; };
		55DB4BBA1E52C5AF003146E4 /* ZoomTransition.swift in Sources */ = {isa = PBXBuildFile; fileRef = 55DB4BB91E52C5AF003146E4 /* ZoomTransition.swift */; };
		55DB4BBB1E52C5AF003146E4 /* ZoomTransition.swift in Sources */ = {isa = PBXBuildFile; fileRef = 55DB4BB91E52C5AF003146E4 /* ZoomTransition.swift */; };
		55DB4BBD1E52CFF5003146E4 /* CompanyDetailsView.swift in Sources */ = {isa = PBXBuildFile; fileRef = 55DB4BBC1E52CFF5003146E4 /* CompanyDetailsView.swift */; };
		55DB4BBE1E52CFF5003146E4 /* CompanyDetailsView.swift in Sources */ = {isa = PBXBuildFile; fileRef = 55DB4BBC1E52CFF5003146E4 /* CompanyDetailsView.swift */; };
		55DB4BC01E52D004003146E4 /* CompanyDetailsView.xib in Resources */ = {isa = PBXBuildFile; fileRef = 55DB4BBF1E52D004003146E4 /* CompanyDetailsView.xib */; };
		55DB4BC11E52D004003146E4 /* CompanyDetailsView.xib in Resources */ = {isa = PBXBuildFile; fileRef = 55DB4BBF1E52D004003146E4 /* CompanyDetailsView.xib */; };
		55DB4BC21E52D871003146E4 /* CompanyCollectionViewCell.swift in Sources */ = {isa = PBXBuildFile; fileRef = 550DA08F1E5156800071B3B9 /* CompanyCollectionViewCell.swift */; };
		55F97D371E615B9F00362E31 /* CompaniesCoordinator.swift in Sources */ = {isa = PBXBuildFile; fileRef = 55F97D361E615B9F00362E31 /* CompaniesCoordinator.swift */; };
		55F97D381E615B9F00362E31 /* CompaniesCoordinator.swift in Sources */ = {isa = PBXBuildFile; fileRef = 55F97D361E615B9F00362E31 /* CompaniesCoordinator.swift */; };
		55F97D3B1E615CE900362E31 /* PromoHunt+DataDelegator.swift in Sources */ = {isa = PBXBuildFile; fileRef = 55F97D3A1E615CE900362E31 /* PromoHunt+DataDelegator.swift */; };
		55F97D3C1E615CE900362E31 /* PromoHunt+DataDelegator.swift in Sources */ = {isa = PBXBuildFile; fileRef = 55F97D3A1E615CE900362E31 /* PromoHunt+DataDelegator.swift */; };
		55F97D3F1E615E4100362E31 /* CompaniesLoadingViewController.swift in Sources */ = {isa = PBXBuildFile; fileRef = 55F97D3D1E615E4100362E31 /* CompaniesLoadingViewController.swift */; };
		55F97D401E615E4100362E31 /* CompaniesLoadingViewController.xib in Resources */ = {isa = PBXBuildFile; fileRef = 55F97D3E1E615E4100362E31 /* CompaniesLoadingViewController.xib */; };
		55F97D471E615FCA00362E31 /* FailureViewController.swift in Sources */ = {isa = PBXBuildFile; fileRef = 55F97D451E615FCA00362E31 /* FailureViewController.swift */; };
		55F97D481E615FCA00362E31 /* FailureViewController.xib in Resources */ = {isa = PBXBuildFile; fileRef = 55F97D461E615FCA00362E31 /* FailureViewController.xib */; };
		80FB70E8689B187047F595B9 /* Pods_PromoHunt.framework in Frameworks */ = {isa = PBXBuildFile; fileRef = D0394FD180E63AD4CA7DEB27 /* Pods_PromoHunt.framework */; };
		BD5076834142A02F89B474D3 /* Pods_PromoHuntTests.framework in Frameworks */ = {isa = PBXBuildFile; fileRef = 318C2658CB69E2872AACEE91 /* Pods_PromoHuntTests.framework */; };
/* End PBXBuildFile section */

/* Begin PBXContainerItemProxy section */
		0C4F4DE81E3F07E50075085E /* PBXContainerItemProxy */ = {
			isa = PBXContainerItemProxy;
			containerPortal = 0C4F4DCB1E3F07E50075085E /* Project object */;
			proxyType = 1;
			remoteGlobalIDString = 0C4F4DD21E3F07E50075085E;
			remoteInfo = PromoHunt;
		};
		0C4F4DF31E3F07E50075085E /* PBXContainerItemProxy */ = {
			isa = PBXContainerItemProxy;
			containerPortal = 0C4F4DCB1E3F07E50075085E /* Project object */;
			proxyType = 1;
			remoteGlobalIDString = 0C4F4DD21E3F07E50075085E;
			remoteInfo = PromoHunt;
		};
/* End PBXContainerItemProxy section */

/* Begin PBXFileReference section */
		0C4F4DD31E3F07E50075085E /* PromoHunt.app */ = {isa = PBXFileReference; explicitFileType = wrapper.application; includeInIndex = 0; path = PromoHunt.app; sourceTree = BUILT_PRODUCTS_DIR; };
		0C4F4DD61E3F07E50075085E /* AppDelegate.swift */ = {isa = PBXFileReference; lastKnownFileType = sourcecode.swift; path = AppDelegate.swift; sourceTree = "<group>"; };
		0C4F4DDD1E3F07E50075085E /* Assets.xcassets */ = {isa = PBXFileReference; lastKnownFileType = folder.assetcatalog; path = Assets.xcassets; sourceTree = "<group>"; };
		0C4F4DE01E3F07E50075085E /* Base */ = {isa = PBXFileReference; lastKnownFileType = file.storyboard; name = Base; path = Base.lproj/LaunchScreen.storyboard; sourceTree = "<group>"; };
		0C4F4DE21E3F07E50075085E /* Info.plist */ = {isa = PBXFileReference; lastKnownFileType = text.plist.xml; path = Info.plist; sourceTree = "<group>"; };
		0C4F4DE71E3F07E50075085E /* PromoHuntTests.xctest */ = {isa = PBXFileReference; explicitFileType = wrapper.cfbundle; includeInIndex = 0; path = PromoHuntTests.xctest; sourceTree = BUILT_PRODUCTS_DIR; };
		0C4F4DEB1E3F07E50075085E /* PromoHuntTests.swift */ = {isa = PBXFileReference; lastKnownFileType = sourcecode.swift; path = PromoHuntTests.swift; sourceTree = "<group>"; };
		0C4F4DED1E3F07E50075085E /* Info.plist */ = {isa = PBXFileReference; lastKnownFileType = text.plist.xml; path = Info.plist; sourceTree = "<group>"; };
		0C4F4DF21E3F07E50075085E /* PromoHuntUITests.xctest */ = {isa = PBXFileReference; explicitFileType = wrapper.cfbundle; includeInIndex = 0; path = PromoHuntUITests.xctest; sourceTree = BUILT_PRODUCTS_DIR; };
		0C4F4DF61E3F07E50075085E /* PromoHuntUITests.swift */ = {isa = PBXFileReference; lastKnownFileType = sourcecode.swift; path = PromoHuntUITests.swift; sourceTree = "<group>"; };
		0C4F4DF81E3F07E50075085E /* Info.plist */ = {isa = PBXFileReference; lastKnownFileType = text.plist.xml; path = Info.plist; sourceTree = "<group>"; };
		0C86196A1E41A1110024F70E /* Promo.swift */ = {isa = PBXFileReference; fileEncoding = 4; lastKnownFileType = sourcecode.swift; name = Promo.swift; path = Models/Promo.swift; sourceTree = "<group>"; };
		0C89FCE41E4ED17300A0A604 /* CompanyLoadingCollectionViewCell.swift */ = {isa = PBXFileReference; fileEncoding = 4; lastKnownFileType = sourcecode.swift; name = CompanyLoadingCollectionViewCell.swift; path = Views/CompanyLoadingCollectionViewCell.swift; sourceTree = "<group>"; };
		0C89FCE71E4ED19C00A0A604 /* CompanyLoadingCollectionViewCell.xib */ = {isa = PBXFileReference; fileEncoding = 4; lastKnownFileType = file.xib; name = CompanyLoadingCollectionViewCell.xib; path = Views/CompanyLoadingCollectionViewCell.xib; sourceTree = "<group>"; };
		0CB8865E1E3F0BEE00B94685 /* HTTPManager.swift .swift */ = {isa = PBXFileReference; fileEncoding = 4; lastKnownFileType = sourcecode.swift; name = "HTTPManager.swift .swift"; path = "Networking/HTTPManager.swift .swift"; sourceTree = "<group>"; };
		0CB886611E3F0CC700B94685 /* HTTPManager+Alamofire.swift */ = {isa = PBXFileReference; fileEncoding = 4; lastKnownFileType = sourcecode.swift; name = "HTTPManager+Alamofire.swift"; path = "Networking/HTTPManager+Alamofire.swift"; sourceTree = "<group>"; };
		0CB886661E3F0F9400B94685 /* API.swift */ = {isa = PBXFileReference; fileEncoding = 4; lastKnownFileType = sourcecode.swift; name = API.swift; path = Networking/API.swift; sourceTree = "<group>"; };
		0CB886691E3F0FAE00B94685 /* Secrets.swift */ = {isa = PBXFileReference; fileEncoding = 4; lastKnownFileType = sourcecode.swift; path = Secrets.swift; sourceTree = "<group>"; };
		0CB886701E3F386A00B94685 /* Company.swift */ = {isa = PBXFileReference; fileEncoding = 4; lastKnownFileType = sourcecode.swift; name = Company.swift; path = Models/Company.swift; sourceTree = "<group>"; };
		0CB886731E3F3D9300B94685 /* APIFetchRequests.swift */ = {isa = PBXFileReference; fileEncoding = 4; lastKnownFileType = sourcecode.swift; name = APIFetchRequests.swift; path = API/APIFetchRequests.swift; sourceTree = "<group>"; };
		0CB886761E3F3E5500B94685 /* APIHelpers.swift */ = {isa = PBXFileReference; fileEncoding = 4; lastKnownFileType = sourcecode.swift; name = APIHelpers.swift; path = API/APIHelpers.swift; sourceTree = "<group>"; };
		0CE77DE11E47A51100B3FC42 /* CompaniesViewController.swift */ = {isa = PBXFileReference; fileEncoding = 4; lastKnownFileType = sourcecode.swift; name = CompaniesViewController.swift; path = ViewControllers/CompaniesViewController.swift; sourceTree = "<group>"; };
		0CE77DE21E47A51100B3FC42 /* CompaniesViewController.xib */ = {isa = PBXFileReference; fileEncoding = 4; lastKnownFileType = file.xib; name = CompaniesViewController.xib; path = ViewControllers/CompaniesViewController.xib; sourceTree = "<group>"; };
		318C2658CB69E2872AACEE91 /* Pods_PromoHuntTests.framework */ = {isa = PBXFileReference; explicitFileType = wrapper.framework; includeInIndex = 0; path = Pods_PromoHuntTests.framework; sourceTree = BUILT_PRODUCTS_DIR; };
		4E943EF0C5C271C4F426DADD /* Pods-PromoHunt.release.xcconfig */ = {isa = PBXFileReference; includeInIndex = 1; lastKnownFileType = text.xcconfig; name = "Pods-PromoHunt.release.xcconfig"; path = "Pods/Target Support Files/Pods-PromoHunt/Pods-PromoHunt.release.xcconfig"; sourceTree = "<group>"; };
		550DA08D1E5151D40071B3B9 /* AppColors.swift */ = {isa = PBXFileReference; fileEncoding = 4; lastKnownFileType = sourcecode.swift; name = AppColors.swift; path = Helpers/AppColors.swift; sourceTree = "<group>"; };
		550DA08F1E5156800071B3B9 /* CompanyCollectionViewCell.swift */ = {isa = PBXFileReference; fileEncoding = 4; lastKnownFileType = sourcecode.swift; name = CompanyCollectionViewCell.swift; path = Views/CompanyCollectionViewCell.swift; sourceTree = "<group>"; };
		550DA0911E51568B0071B3B9 /* CompanyCollectionViewCell.xib */ = {isa = PBXFileReference; fileEncoding = 4; lastKnownFileType = file.xib; name = CompanyCollectionViewCell.xib; path = Views/CompanyCollectionViewCell.xib; sourceTree = "<group>"; };
		550DA0951E515F2E0071B3B9 /* ImageDownloader.swift */ = {isa = PBXFileReference; fileEncoding = 4; lastKnownFileType = sourcecode.swift; name = ImageDownloader.swift; path = Networking/ImageDownloader.swift; sourceTree = "<group>"; };
		550DA0981E5166E30071B3B9 /* ImageManager.swift */ = {isa = PBXFileReference; fileEncoding = 4; lastKnownFileType = sourcecode.swift; name = ImageManager.swift; path = Networking/ImageManager.swift; sourceTree = "<group>"; };
		550DA09A1E516CD50071B3B9 /* ImageCache.swift */ = {isa = PBXFileReference; fileEncoding = 4; lastKnownFileType = sourcecode.swift; name = ImageCache.swift; path = Networking/ImageCache.swift; sourceTree = "<group>"; };
		55AF3EBD1E5A5B190027D3EE /* PromoTableViewCell.swift */ = {isa = PBXFileReference; fileEncoding = 4; lastKnownFileType = sourcecode.swift; name = PromoTableViewCell.swift; path = Views/PromoTableViewCell.swift; sourceTree = "<group>"; };
		55AF3EBF1E5A5B290027D3EE /* PromoTableViewCell.xib */ = {isa = PBXFileReference; fileEncoding = 4; lastKnownFileType = file.xib; name = PromoTableViewCell.xib; path = Views/PromoTableViewCell.xib; sourceTree = "<group>"; };
		55AF3EC31E5AC1DC0027D3EE /* PromoLoadingTableViewCell.swift */ = {isa = PBXFileReference; fileEncoding = 4; lastKnownFileType = sourcecode.swift; name = PromoLoadingTableViewCell.swift; path = Views/PromoLoadingTableViewCell.swift; sourceTree = "<group>"; };
		55AF3EC51E5AC1ED0027D3EE /* PromoLoadingTableViewCell.xib */ = {isa = PBXFileReference; fileEncoding = 4; lastKnownFileType = file.xib; name = PromoLoadingTableViewCell.xib; path = Views/PromoLoadingTableViewCell.xib; sourceTree = "<group>"; };
		55AF3EC91E5AC6410027D3EE /* ShimmerView.swift */ = {isa = PBXFileReference; fileEncoding = 4; lastKnownFileType = sourcecode.swift; name = ShimmerView.swift; path = Views/ShimmerView.swift; sourceTree = "<group>"; };
		55DB4BB31E52BEC6003146E4 /* PromosViewController.swift */ = {isa = PBXFileReference; fileEncoding = 4; lastKnownFileType = sourcecode.swift; name = PromosViewController.swift; path = ViewControllers/PromosViewController.swift; sourceTree = "<group>"; };
		55DB4BB41E52BEC6003146E4 /* PromosViewController.xib */ = {isa = PBXFileReference; fileEncoding = 4; lastKnownFileType = file.xib; name = PromosViewController.xib; path = ViewControllers/PromosViewController.xib; sourceTree = "<group>"; };
		55DB4BB91E52C5AF003146E4 /* ZoomTransition.swift */ = {isa = PBXFileReference; fileEncoding = 4; lastKnownFileType = sourcecode.swift; name = ZoomTransition.swift; path = ../ZoomTransition.swift; sourceTree = "<group>"; };
		55DB4BBC1E52CFF5003146E4 /* CompanyDetailsView.swift */ = {isa = PBXFileReference; fileEncoding = 4; lastKnownFileType = sourcecode.swift; name = CompanyDetailsView.swift; path = Views/CompanyDetailsView.swift; sourceTree = "<group>"; };
		55DB4BBF1E52D004003146E4 /* CompanyDetailsView.xib */ = {isa = PBXFileReference; fileEncoding = 4; lastKnownFileType = file.xib; name = CompanyDetailsView.xib; path = Views/CompanyDetailsView.xib; sourceTree = "<group>"; };
		55F97D361E615B9F00362E31 /* CompaniesCoordinator.swift */ = {isa = PBXFileReference; fileEncoding = 4; lastKnownFileType = sourcecode.swift; name = CompaniesCoordinator.swift; path = "ViewControllers/Companies Data View Controller/CompaniesCoordinator.swift"; sourceTree = "<group>"; };
		55F97D3A1E615CE900362E31 /* PromoHunt+DataDelegator.swift */ = {isa = PBXFileReference; fileEncoding = 4; lastKnownFileType = sourcecode.swift; name = "PromoHunt+DataDelegator.swift"; path = "Extensions/PromoHunt+DataDelegator.swift"; sourceTree = "<group>"; };
		55F97D3D1E615E4100362E31 /* CompaniesLoadingViewController.swift */ = {isa = PBXFileReference; fileEncoding = 4; lastKnownFileType = sourcecode.swift; name = CompaniesLoadingViewController.swift; path = ViewControllers/CompaniesLoadingViewController.swift; sourceTree = "<group>"; };
		55F97D3E1E615E4100362E31 /* CompaniesLoadingViewController.xib */ = {isa = PBXFileReference; fileEncoding = 4; lastKnownFileType = file.xib; name = CompaniesLoadingViewController.xib; path = ViewControllers/CompaniesLoadingViewController.xib; sourceTree = "<group>"; };
		55F97D451E615FCA00362E31 /* FailureViewController.swift */ = {isa = PBXFileReference; fileEncoding = 4; lastKnownFileType = sourcecode.swift; name = FailureViewController.swift; path = "ViewControllers/Failure View Controller/FailureViewController.swift"; sourceTree = "<group>"; };
		55F97D461E615FCA00362E31 /* FailureViewController.xib */ = {isa = PBXFileReference; fileEncoding = 4; lastKnownFileType = file.xib; name = FailureViewController.xib; path = "ViewControllers/Failure View Controller/FailureViewController.xib"; sourceTree = "<group>"; };
		8D089B5901193D6E4A67257B /* Pods-PromoHuntTests.debug.xcconfig */ = {isa = PBXFileReference; includeInIndex = 1; lastKnownFileType = text.xcconfig; name = "Pods-PromoHuntTests.debug.xcconfig"; path = "Pods/Target Support Files/Pods-PromoHuntTests/Pods-PromoHuntTests.debug.xcconfig"; sourceTree = "<group>"; };
		9DB6A23E5C4744161B84EA30 /* Pods-PromoHunt.debug.xcconfig */ = {isa = PBXFileReference; includeInIndex = 1; lastKnownFileType = text.xcconfig; name = "Pods-PromoHunt.debug.xcconfig"; path = "Pods/Target Support Files/Pods-PromoHunt/Pods-PromoHunt.debug.xcconfig"; sourceTree = "<group>"; };
		BFEF774E4C75C8B1D7CC0D8E /* Pods-PromoHuntTests.release.xcconfig */ = {isa = PBXFileReference; includeInIndex = 1; lastKnownFileType = text.xcconfig; name = "Pods-PromoHuntTests.release.xcconfig"; path = "Pods/Target Support Files/Pods-PromoHuntTests/Pods-PromoHuntTests.release.xcconfig"; sourceTree = "<group>"; };
		D0394FD180E63AD4CA7DEB27 /* Pods_PromoHunt.framework */ = {isa = PBXFileReference; explicitFileType = wrapper.framework; includeInIndex = 0; path = Pods_PromoHunt.framework; sourceTree = BUILT_PRODUCTS_DIR; };
/* End PBXFileReference section */

/* Begin PBXFrameworksBuildPhase section */
		0C4F4DD01E3F07E50075085E /* Frameworks */ = {
			isa = PBXFrameworksBuildPhase;
			buildActionMask = 2147483647;
			files = (
				80FB70E8689B187047F595B9 /* Pods_PromoHunt.framework in Frameworks */,
			);
			runOnlyForDeploymentPostprocessing = 0;
		};
		0C4F4DE41E3F07E50075085E /* Frameworks */ = {
			isa = PBXFrameworksBuildPhase;
			buildActionMask = 2147483647;
			files = (
				BD5076834142A02F89B474D3 /* Pods_PromoHuntTests.framework in Frameworks */,
			);
			runOnlyForDeploymentPostprocessing = 0;
		};
		0C4F4DEF1E3F07E50075085E /* Frameworks */ = {
			isa = PBXFrameworksBuildPhase;
			buildActionMask = 2147483647;
			files = (
			);
			runOnlyForDeploymentPostprocessing = 0;
		};
/* End PBXFrameworksBuildPhase section */

/* Begin PBXGroup section */
		0C4F4DCA1E3F07E50075085E = {
			isa = PBXGroup;
			children = (
				0C4F4DD51E3F07E50075085E /* PromoHunt */,
				0C4F4DEA1E3F07E50075085E /* PromoHuntTests */,
				0C4F4DF51E3F07E50075085E /* PromoHuntUITests */,
				0C4F4DD41E3F07E50075085E /* Products */,
				B6284B8E4BF238663D732A04 /* Pods */,
				CAA5FF8C5B03841AD200EF3C /* Frameworks */,
			);
			sourceTree = "<group>";
		};
		0C4F4DD41E3F07E50075085E /* Products */ = {
			isa = PBXGroup;
			children = (
				0C4F4DD31E3F07E50075085E /* PromoHunt.app */,
				0C4F4DE71E3F07E50075085E /* PromoHuntTests.xctest */,
				0C4F4DF21E3F07E50075085E /* PromoHuntUITests.xctest */,
			);
			name = Products;
			sourceTree = "<group>";
		};
		0C4F4DD51E3F07E50075085E /* PromoHunt */ = {
			isa = PBXGroup;
			children = (
				0C4F4DD61E3F07E50075085E /* AppDelegate.swift */,
				0CE77DE71E47ABA100B3FC42 /* View Controllers */,
				0C89FCE11E4ED13C00A0A604 /* Views */,
				0C4F4DDD1E3F07E50075085E /* Assets.xcassets */,
				0C4F4DDF1E3F07E50075085E /* LaunchScreen.storyboard */,
				0C4F4DE21E3F07E50075085E /* Info.plist */,
				55F97D391E615CCD00362E31 /* Extensions */,
				55DB4BC31E52DFAE003146E4 /* Imports */,
				550DA08C1E5151AD0071B3B9 /* Helpers */,
				0CB8866C1E3F17E300B94685 /* Models */,
				0CB8865D1E3F0BD500B94685 /* Networking */,
			);
			path = PromoHunt;
			sourceTree = "<group>";
		};
		0C4F4DEA1E3F07E50075085E /* PromoHuntTests */ = {
			isa = PBXGroup;
			children = (
				0C4F4DEB1E3F07E50075085E /* PromoHuntTests.swift */,
				0C4F4DED1E3F07E50075085E /* Info.plist */,
			);
			path = PromoHuntTests;
			sourceTree = "<group>";
		};
		0C4F4DF51E3F07E50075085E /* PromoHuntUITests */ = {
			isa = PBXGroup;
			children = (
				0C4F4DF61E3F07E50075085E /* PromoHuntUITests.swift */,
				0C4F4DF81E3F07E50075085E /* Info.plist */,
			);
			path = PromoHuntUITests;
			sourceTree = "<group>";
		};
		0C89FCE11E4ED13C00A0A604 /* Views */ = {
			isa = PBXGroup;
			children = (
				55AF3EC91E5AC6410027D3EE /* ShimmerView.swift */,
				55DB4BBC1E52CFF5003146E4 /* CompanyDetailsView.swift */,
				55DB4BBF1E52D004003146E4 /* CompanyDetailsView.xib */,
				55AF3EC81E5AC2D50027D3EE /* Company Collection View Cells */,
				55AF3EC71E5AC2CB0027D3EE /* Promo Table View Cells */,
			);
			name = Views;
			sourceTree = "<group>";
		};
		0CB8865D1E3F0BD500B94685 /* Networking */ = {
			isa = PBXGroup;
			children = (
				0CB886691E3F0FAE00B94685 /* Secrets.swift */,
				0CB886651E3F0F8200B94685 /* API */,
				550DA0941E515F060071B3B9 /* ImageManager */,
				0CB886641E3F0F7700B94685 /* HTTPManager */,
			);
			name = Networking;
			sourceTree = "<group>";
		};
		0CB886641E3F0F7700B94685 /* HTTPManager */ = {
			isa = PBXGroup;
			children = (
				0CB8865E1E3F0BEE00B94685 /* HTTPManager.swift .swift */,
				0CB886611E3F0CC700B94685 /* HTTPManager+Alamofire.swift */,
			);
			name = HTTPManager;
			sourceTree = "<group>";
		};
		0CB886651E3F0F8200B94685 /* API */ = {
			isa = PBXGroup;
			children = (
				0CB886661E3F0F9400B94685 /* API.swift */,
				0CB886761E3F3E5500B94685 /* APIHelpers.swift */,
				0CB886731E3F3D9300B94685 /* APIFetchRequests.swift */,
			);
			name = API;
			sourceTree = "<group>";
		};
		0CB8866C1E3F17E300B94685 /* Models */ = {
			isa = PBXGroup;
			children = (
				0C86196A1E41A1110024F70E /* Promo.swift */,
				0CB886701E3F386A00B94685 /* Company.swift */,
			);
			name = Models;
			sourceTree = "<group>";
		};
		0CE77DE71E47ABA100B3FC42 /* View Controllers */ = {
			isa = PBXGroup;
			children = (
				55F97D421E615F9400362E31 /* Failure View Controller */,
				55F97D411E615F8100362E31 /* Promos Data View Controller */,
				55F97D351E615B6500362E31 /* Companies Data View Controller */,
			);
			name = "View Controllers";
			sourceTree = "<group>";
		};
		550DA08C1E5151AD0071B3B9 /* Helpers */ = {
			isa = PBXGroup;
			children = (
				550DA08D1E5151D40071B3B9 /* AppColors.swift */,
			);
			name = Helpers;
			sourceTree = "<group>";
		};
		550DA0941E515F060071B3B9 /* ImageManager */ = {
			isa = PBXGroup;
			children = (
				550DA09A1E516CD50071B3B9 /* ImageCache.swift */,
				550DA0981E5166E30071B3B9 /* ImageManager.swift */,
				550DA0951E515F2E0071B3B9 /* ImageDownloader.swift */,
			);
			name = ImageManager;
			sourceTree = "<group>";
		};
		55AF3EC71E5AC2CB0027D3EE /* Promo Table View Cells */ = {
			isa = PBXGroup;
			children = (
				55AF3EBD1E5A5B190027D3EE /* PromoTableViewCell.swift */,
				55AF3EBF1E5A5B290027D3EE /* PromoTableViewCell.xib */,
				55AF3EC31E5AC1DC0027D3EE /* PromoLoadingTableViewCell.swift */,
				55AF3EC51E5AC1ED0027D3EE /* PromoLoadingTableViewCell.xib */,
			);
			name = "Promo Table View Cells";
			sourceTree = "<group>";
		};
		55AF3EC81E5AC2D50027D3EE /* Company Collection View Cells */ = {
			isa = PBXGroup;
			children = (
				550DA08F1E5156800071B3B9 /* CompanyCollectionViewCell.swift */,
				550DA0911E51568B0071B3B9 /* CompanyCollectionViewCell.xib */,
				0C89FCE41E4ED17300A0A604 /* CompanyLoadingCollectionViewCell.swift */,
				0C89FCE71E4ED19C00A0A604 /* CompanyLoadingCollectionViewCell.xib */,
			);
			name = "Company Collection View Cells";
			sourceTree = "<group>";
		};
		55DB4BC31E52DFAE003146E4 /* Imports */ = {
			isa = PBXGroup;
			children = (
				55DB4BB91E52C5AF003146E4 /* ZoomTransition.swift */,
			);
			name = Imports;
			sourceTree = "<group>";
		};
		55F97D351E615B6500362E31 /* Companies Data View Controller */ = {
			isa = PBXGroup;
			children = (
				55F97D361E615B9F00362E31 /* CompaniesCoordinator.swift */,
				0CE77DE11E47A51100B3FC42 /* CompaniesViewController.swift */,
				0CE77DE21E47A51100B3FC42 /* CompaniesViewController.xib */,
				55F97D3D1E615E4100362E31 /* CompaniesLoadingViewController.swift */,
				55F97D3E1E615E4100362E31 /* CompaniesLoadingViewController.xib */,
			);
			name = "Companies Data View Controller";
			sourceTree = "<group>";
		};
		55F97D391E615CCD00362E31 /* Extensions */ = {
			isa = PBXGroup;
			children = (
				55F97D3A1E615CE900362E31 /* PromoHunt+DataDelegator.swift */,
			);
			name = Extensions;
			sourceTree = "<group>";
		};
		55F97D411E615F8100362E31 /* Promos Data View Controller */ = {
			isa = PBXGroup;
			children = (
				55DB4BB31E52BEC6003146E4 /* PromosViewController.swift */,
				55DB4BB41E52BEC6003146E4 /* PromosViewController.xib */,
			);
			name = "Promos Data View Controller";
			sourceTree = "<group>";
		};
		55F97D421E615F9400362E31 /* Failure View Controller */ = {
			isa = PBXGroup;
			children = (
				55F97D451E615FCA00362E31 /* FailureViewController.swift */,
				55F97D461E615FCA00362E31 /* FailureViewController.xib */,
			);
			name = "Failure View Controller";
			sourceTree = "<group>";
		};
		B6284B8E4BF238663D732A04 /* Pods */ = {
			isa = PBXGroup;
			children = (
				9DB6A23E5C4744161B84EA30 /* Pods-PromoHunt.debug.xcconfig */,
				4E943EF0C5C271C4F426DADD /* Pods-PromoHunt.release.xcconfig */,
				8D089B5901193D6E4A67257B /* Pods-PromoHuntTests.debug.xcconfig */,
				BFEF774E4C75C8B1D7CC0D8E /* Pods-PromoHuntTests.release.xcconfig */,
			);
			name = Pods;
			sourceTree = "<group>";
		};
		CAA5FF8C5B03841AD200EF3C /* Frameworks */ = {
			isa = PBXGroup;
			children = (
				D0394FD180E63AD4CA7DEB27 /* Pods_PromoHunt.framework */,
				318C2658CB69E2872AACEE91 /* Pods_PromoHuntTests.framework */,
			);
			name = Frameworks;
			sourceTree = "<group>";
		};
/* End PBXGroup section */

/* Begin PBXNativeTarget section */
		0C4F4DD21E3F07E50075085E /* PromoHunt */ = {
			isa = PBXNativeTarget;
			buildConfigurationList = 0C4F4DFB1E3F07E50075085E /* Build configuration list for PBXNativeTarget "PromoHunt" */;
			buildPhases = (
				0862DA537DB6D0758A500FE5 /* [CP] Check Pods Manifest.lock */,
				0C4F4DCF1E3F07E50075085E /* Sources */,
				0C4F4DD01E3F07E50075085E /* Frameworks */,
				0C4F4DD11E3F07E50075085E /* Resources */,
				BE20D1567A2838F6777B6E00 /* [CP] Embed Pods Frameworks */,
				131D62A30E676D6D426131CC /* [CP] Copy Pods Resources */,
			);
			buildRules = (
			);
			dependencies = (
			);
			name = PromoHunt;
			productName = PromoHunt;
			productReference = 0C4F4DD31E3F07E50075085E /* PromoHunt.app */;
			productType = "com.apple.product-type.application";
		};
		0C4F4DE61E3F07E50075085E /* PromoHuntTests */ = {
			isa = PBXNativeTarget;
			buildConfigurationList = 0C4F4DFE1E3F07E50075085E /* Build configuration list for PBXNativeTarget "PromoHuntTests" */;
			buildPhases = (
				AA7BF00B85D00C069986DE8D /* [CP] Check Pods Manifest.lock */,
				0C4F4DE31E3F07E50075085E /* Sources */,
				0C4F4DE41E3F07E50075085E /* Frameworks */,
				0C4F4DE51E3F07E50075085E /* Resources */,
				8E12E8EB75C532FE7AE13E5D /* [CP] Embed Pods Frameworks */,
				3A54B470F056C1110BAF5B0E /* [CP] Copy Pods Resources */,
			);
			buildRules = (
			);
			dependencies = (
				0C4F4DE91E3F07E50075085E /* PBXTargetDependency */,
			);
			name = PromoHuntTests;
			productName = PromoHuntTests;
			productReference = 0C4F4DE71E3F07E50075085E /* PromoHuntTests.xctest */;
			productType = "com.apple.product-type.bundle.unit-test";
		};
		0C4F4DF11E3F07E50075085E /* PromoHuntUITests */ = {
			isa = PBXNativeTarget;
			buildConfigurationList = 0C4F4E011E3F07E50075085E /* Build configuration list for PBXNativeTarget "PromoHuntUITests" */;
			buildPhases = (
				0C4F4DEE1E3F07E50075085E /* Sources */,
				0C4F4DEF1E3F07E50075085E /* Frameworks */,
				0C4F4DF01E3F07E50075085E /* Resources */,
			);
			buildRules = (
			);
			dependencies = (
				0C4F4DF41E3F07E50075085E /* PBXTargetDependency */,
			);
			name = PromoHuntUITests;
			productName = PromoHuntUITests;
			productReference = 0C4F4DF21E3F07E50075085E /* PromoHuntUITests.xctest */;
			productType = "com.apple.product-type.bundle.ui-testing";
		};
/* End PBXNativeTarget section */

/* Begin PBXProject section */
		0C4F4DCB1E3F07E50075085E /* Project object */ = {
			isa = PBXProject;
			attributes = {
				LastSwiftUpdateCheck = 0820;
				LastUpgradeCheck = 0820;
				ORGANIZATIONNAME = "David Elsonbaty";
				TargetAttributes = {
					0C4F4DD21E3F07E50075085E = {
						CreatedOnToolsVersion = 8.2.1;
						DevelopmentTeam = NC6PEUTA52;
						ProvisioningStyle = Automatic;
					};
					0C4F4DE61E3F07E50075085E = {
						CreatedOnToolsVersion = 8.2.1;
						DevelopmentTeam = NC6PEUTA52;
						ProvisioningStyle = Automatic;
						TestTargetID = 0C4F4DD21E3F07E50075085E;
					};
					0C4F4DF11E3F07E50075085E = {
						CreatedOnToolsVersion = 8.2.1;
						DevelopmentTeam = NC6PEUTA52;
						ProvisioningStyle = Automatic;
						TestTargetID = 0C4F4DD21E3F07E50075085E;
					};
				};
			};
			buildConfigurationList = 0C4F4DCE1E3F07E50075085E /* Build configuration list for PBXProject "PromoHunt" */;
			compatibilityVersion = "Xcode 3.2";
			developmentRegion = English;
			hasScannedForEncodings = 0;
			knownRegions = (
				en,
				Base,
			);
			mainGroup = 0C4F4DCA1E3F07E50075085E;
			productRefGroup = 0C4F4DD41E3F07E50075085E /* Products */;
			projectDirPath = "";
			projectRoot = "";
			targets = (
				0C4F4DD21E3F07E50075085E /* PromoHunt */,
				0C4F4DE61E3F07E50075085E /* PromoHuntTests */,
				0C4F4DF11E3F07E50075085E /* PromoHuntUITests */,
			);
		};
/* End PBXProject section */

/* Begin PBXResourcesBuildPhase section */
		0C4F4DD11E3F07E50075085E /* Resources */ = {
			isa = PBXResourcesBuildPhase;
			buildActionMask = 2147483647;
			files = (
				55DB4BB71E52BEC6003146E4 /* PromosViewController.xib in Resources */,
				55F97D481E615FCA00362E31 /* FailureViewController.xib in Resources */,
				55F97D401E615E4100362E31 /* CompaniesLoadingViewController.xib in Resources */,
				55DB4BC01E52D004003146E4 /* CompanyDetailsView.xib in Resources */,
				55AF3EC61E5AC1ED0027D3EE /* PromoLoadingTableViewCell.xib in Resources */,
				550DA0921E51568B0071B3B9 /* CompanyCollectionViewCell.xib in Resources */,
				0C4F4DE11E3F07E50075085E /* LaunchScreen.storyboard in Resources */,
				0C89FCE81E4ED19C00A0A604 /* CompanyLoadingCollectionViewCell.xib in Resources */,
				0C4F4DDE1E3F07E50075085E /* Assets.xcassets in Resources */,
				0CE77DE51E47A51100B3FC42 /* CompaniesViewController.xib in Resources */,
				55AF3EC01E5A5B290027D3EE /* PromoTableViewCell.xib in Resources */,
			);
			runOnlyForDeploymentPostprocessing = 0;
		};
		0C4F4DE51E3F07E50075085E /* Resources */ = {
			isa = PBXResourcesBuildPhase;
			buildActionMask = 2147483647;
			files = (
				55DB4BB81E52BEC6003146E4 /* PromosViewController.xib in Resources */,
				550DA0931E5159BB0071B3B9 /* CompanyCollectionViewCell.xib in Resources */,
				0CE77DE61E47A51100B3FC42 /* CompaniesViewController.xib in Resources */,
				55DB4BC11E52D004003146E4 /* CompanyDetailsView.xib in Resources */,
				0C89FCE91E4ED19C00A0A604 /* CompanyLoadingCollectionViewCell.xib in Resources */,
			);
			runOnlyForDeploymentPostprocessing = 0;
		};
		0C4F4DF01E3F07E50075085E /* Resources */ = {
			isa = PBXResourcesBuildPhase;
			buildActionMask = 2147483647;
			files = (
			);
			runOnlyForDeploymentPostprocessing = 0;
		};
/* End PBXResourcesBuildPhase section */

/* Begin PBXShellScriptBuildPhase section */
		0862DA537DB6D0758A500FE5 /* [CP] Check Pods Manifest.lock */ = {
			isa = PBXShellScriptBuildPhase;
			buildActionMask = 2147483647;
			files = (
			);
			inputPaths = (
			);
			name = "[CP] Check Pods Manifest.lock";
			outputPaths = (
			);
			runOnlyForDeploymentPostprocessing = 0;
			shellPath = /bin/sh;
			shellScript = "diff \"${PODS_ROOT}/../Podfile.lock\" \"${PODS_ROOT}/Manifest.lock\" > /dev/null\nif [ $? != 0 ] ; then\n    # print error to STDERR\n    echo \"error: The sandbox is not in sync with the Podfile.lock. Run 'pod install' or update your CocoaPods installation.\" >&2\n    exit 1\nfi\n";
			showEnvVarsInLog = 0;
		};
		131D62A30E676D6D426131CC /* [CP] Copy Pods Resources */ = {
			isa = PBXShellScriptBuildPhase;
			buildActionMask = 2147483647;
			files = (
			);
			inputPaths = (
			);
			name = "[CP] Copy Pods Resources";
			outputPaths = (
			);
			runOnlyForDeploymentPostprocessing = 0;
			shellPath = /bin/sh;
			shellScript = "\"${SRCROOT}/Pods/Target Support Files/Pods-PromoHunt/Pods-PromoHunt-resources.sh\"\n";
			showEnvVarsInLog = 0;
		};
		3A54B470F056C1110BAF5B0E /* [CP] Copy Pods Resources */ = {
			isa = PBXShellScriptBuildPhase;
			buildActionMask = 2147483647;
			files = (
			);
			inputPaths = (
			);
			name = "[CP] Copy Pods Resources";
			outputPaths = (
			);
			runOnlyForDeploymentPostprocessing = 0;
			shellPath = /bin/sh;
			shellScript = "\"${SRCROOT}/Pods/Target Support Files/Pods-PromoHuntTests/Pods-PromoHuntTests-resources.sh\"\n";
			showEnvVarsInLog = 0;
		};
		8E12E8EB75C532FE7AE13E5D /* [CP] Embed Pods Frameworks */ = {
			isa = PBXShellScriptBuildPhase;
			buildActionMask = 2147483647;
			files = (
			);
			inputPaths = (
			);
			name = "[CP] Embed Pods Frameworks";
			outputPaths = (
			);
			runOnlyForDeploymentPostprocessing = 0;
			shellPath = /bin/sh;
			shellScript = "\"${SRCROOT}/Pods/Target Support Files/Pods-PromoHuntTests/Pods-PromoHuntTests-frameworks.sh\"\n";
			showEnvVarsInLog = 0;
		};
		AA7BF00B85D00C069986DE8D /* [CP] Check Pods Manifest.lock */ = {
			isa = PBXShellScriptBuildPhase;
			buildActionMask = 2147483647;
			files = (
			);
			inputPaths = (
			);
			name = "[CP] Check Pods Manifest.lock";
			outputPaths = (
			);
			runOnlyForDeploymentPostprocessing = 0;
			shellPath = /bin/sh;
			shellScript = "diff \"${PODS_ROOT}/../Podfile.lock\" \"${PODS_ROOT}/Manifest.lock\" > /dev/null\nif [ $? != 0 ] ; then\n    # print error to STDERR\n    echo \"error: The sandbox is not in sync with the Podfile.lock. Run 'pod install' or update your CocoaPods installation.\" >&2\n    exit 1\nfi\n";
			showEnvVarsInLog = 0;
		};
		BE20D1567A2838F6777B6E00 /* [CP] Embed Pods Frameworks */ = {
			isa = PBXShellScriptBuildPhase;
			buildActionMask = 2147483647;
			files = (
			);
			inputPaths = (
			);
			name = "[CP] Embed Pods Frameworks";
			outputPaths = (
			);
			runOnlyForDeploymentPostprocessing = 0;
			shellPath = /bin/sh;
			shellScript = "\"${SRCROOT}/Pods/Target Support Files/Pods-PromoHunt/Pods-PromoHunt-frameworks.sh\"\n";
			showEnvVarsInLog = 0;
		};
/* End PBXShellScriptBuildPhase section */

/* Begin PBXSourcesBuildPhase section */
		0C4F4DCF1E3F07E50075085E /* Sources */ = {
			isa = PBXSourcesBuildPhase;
			buildActionMask = 2147483647;
			files = (
				0CB886771E3F3E5500B94685 /* APIHelpers.swift in Sources */,
				55DB4BBD1E52CFF5003146E4 /* CompanyDetailsView.swift in Sources */,
				0CB886621E3F0CC700B94685 /* HTTPManager+Alamofire.swift in Sources */,
				55F97D471E615FCA00362E31 /* FailureViewController.swift in Sources */,
				55AF3EBE1E5A5B190027D3EE /* PromoTableViewCell.swift in Sources */,
				55AF3EC41E5AC1DC0027D3EE /* PromoLoadingTableViewCell.swift in Sources */,
				550DA09B1E516CD50071B3B9 /* ImageCache.swift in Sources */,
				550DA0961E515F2E0071B3B9 /* ImageDownloader.swift in Sources */,
				0CB8866A1E3F0FAE00B94685 /* Secrets.swift in Sources */,
				55F97D3B1E615CE900362E31 /* PromoHunt+DataDelegator.swift in Sources */,
				55DB4BBA1E52C5AF003146E4 /* ZoomTransition.swift in Sources */,
				0CB886741E3F3D9300B94685 /* APIFetchRequests.swift in Sources */,
				55DB4BB51E52BEC6003146E4 /* PromosViewController.swift in Sources */,
				0CB8865F1E3F0BEE00B94685 /* HTTPManager.swift .swift in Sources */,
				550DA0991E5166E30071B3B9 /* ImageManager.swift in Sources */,
				0C4F4DD71E3F07E50075085E /* AppDelegate.swift in Sources */,
				0C86196B1E41A1110024F70E /* Promo.swift in Sources */,
				0CB886671E3F0F9400B94685 /* API.swift in Sources */,
				55AF3ECA1E5AC6410027D3EE /* ShimmerView.swift in Sources */,
				0CE77DE31E47A51100B3FC42 /* CompaniesViewController.swift in Sources */,
				55F97D3F1E615E4100362E31 /* CompaniesLoadingViewController.swift in Sources */,
				550DA0901E5156800071B3B9 /* CompanyCollectionViewCell.swift in Sources */,
				550DA08E1E5151D40071B3B9 /* AppColors.swift in Sources */,
				0CB886711E3F386A00B94685 /* Company.swift in Sources */,
				55F97D371E615B9F00362E31 /* CompaniesCoordinator.swift in Sources */,
				0C89FCE51E4ED17300A0A604 /* CompanyLoadingCollectionViewCell.swift in Sources */,
			);
			runOnlyForDeploymentPostprocessing = 0;
		};
		0C4F4DE31E3F07E50075085E /* Sources */ = {
			isa = PBXSourcesBuildPhase;
			buildActionMask = 2147483647;
			files = (
				55F97D381E615B9F00362E31 /* CompaniesCoordinator.swift in Sources */,
				0C4F4DEC1E3F07E50075085E /* PromoHuntTests.swift in Sources */,
				550DA09C1E516CD50071B3B9 /* ImageCache.swift in Sources */,
				0CB886751E3F3D9300B94685 /* APIFetchRequests.swift in Sources */,
				0CB8866B1E3F0FAE00B94685 /* Secrets.swift in Sources */,
				0C86196C1E41A1110024F70E /* Promo.swift in Sources */,
				0CE77DE41E47A51100B3FC42 /* CompaniesViewController.swift in Sources */,
				0CB886631E3F0CC700B94685 /* HTTPManager+Alamofire.swift in Sources */,
				0CB886781E3F3E5500B94685 /* APIHelpers.swift in Sources */,
				55DB4BBB1E52C5AF003146E4 /* ZoomTransition.swift in Sources */,
				0CB886721E3F386A00B94685 /* Company.swift in Sources */,
				0CB886681E3F0F9400B94685 /* API.swift in Sources */,
				55F97D3C1E615CE900362E31 /* PromoHunt+DataDelegator.swift in Sources */,
				55DB4BBE1E52CFF5003146E4 /* CompanyDetailsView.swift in Sources */,
				55DB4BB61E52BEC6003146E4 /* PromosViewController.swift in Sources */,
				0CB886601E3F0BEE00B94685 /* HTTPManager.swift .swift in Sources */,
				55DB4BC21E52D871003146E4 /* CompanyCollectionViewCell.swift in Sources */,
				550DA0971E515F300071B3B9 /* ImageDownloader.swift in Sources */,
				0C89FCE61E4ED17300A0A604 /* CompanyLoadingCollectionViewCell.swift in Sources */,
			);
			runOnlyForDeploymentPostprocessing = 0;
		};
		0C4F4DEE1E3F07E50075085E /* Sources */ = {
			isa = PBXSourcesBuildPhase;
			buildActionMask = 2147483647;
			files = (
				0C4F4DF71E3F07E50075085E /* PromoHuntUITests.swift in Sources */,
			);
			runOnlyForDeploymentPostprocessing = 0;
		};
/* End PBXSourcesBuildPhase section */

/* Begin PBXTargetDependency section */
		0C4F4DE91E3F07E50075085E /* PBXTargetDependency */ = {
			isa = PBXTargetDependency;
			target = 0C4F4DD21E3F07E50075085E /* PromoHunt */;
			targetProxy = 0C4F4DE81E3F07E50075085E /* PBXContainerItemProxy */;
		};
		0C4F4DF41E3F07E50075085E /* PBXTargetDependency */ = {
			isa = PBXTargetDependency;
			target = 0C4F4DD21E3F07E50075085E /* PromoHunt */;
			targetProxy = 0C4F4DF31E3F07E50075085E /* PBXContainerItemProxy */;
		};
/* End PBXTargetDependency section */

/* Begin PBXVariantGroup section */
		0C4F4DDF1E3F07E50075085E /* LaunchScreen.storyboard */ = {
			isa = PBXVariantGroup;
			children = (
				0C4F4DE01E3F07E50075085E /* Base */,
			);
			name = LaunchScreen.storyboard;
			sourceTree = "<group>";
		};
/* End PBXVariantGroup section */

/* Begin XCBuildConfiguration section */
		0C4F4DF91E3F07E50075085E /* Debug */ = {
			isa = XCBuildConfiguration;
			buildSettings = {
				ALWAYS_SEARCH_USER_PATHS = NO;
				CLANG_ANALYZER_NONNULL = YES;
				CLANG_CXX_LANGUAGE_STANDARD = "gnu++0x";
				CLANG_CXX_LIBRARY = "libc++";
				CLANG_ENABLE_MODULES = YES;
				CLANG_ENABLE_OBJC_ARC = YES;
				CLANG_WARN_BOOL_CONVERSION = YES;
				CLANG_WARN_CONSTANT_CONVERSION = YES;
				CLANG_WARN_DIRECT_OBJC_ISA_USAGE = YES_ERROR;
				CLANG_WARN_DOCUMENTATION_COMMENTS = YES;
				CLANG_WARN_EMPTY_BODY = YES;
				CLANG_WARN_ENUM_CONVERSION = YES;
				CLANG_WARN_INFINITE_RECURSION = YES;
				CLANG_WARN_INT_CONVERSION = YES;
				CLANG_WARN_OBJC_ROOT_CLASS = YES_ERROR;
				CLANG_WARN_SUSPICIOUS_MOVE = YES;
				CLANG_WARN_UNREACHABLE_CODE = YES;
				CLANG_WARN__DUPLICATE_METHOD_MATCH = YES;
				"CODE_SIGN_IDENTITY[sdk=iphoneos*]" = "iPhone Developer";
				COPY_PHASE_STRIP = NO;
				DEBUG_INFORMATION_FORMAT = dwarf;
				ENABLE_STRICT_OBJC_MSGSEND = YES;
				ENABLE_TESTABILITY = YES;
				GCC_C_LANGUAGE_STANDARD = gnu99;
				GCC_DYNAMIC_NO_PIC = NO;
				GCC_NO_COMMON_BLOCKS = YES;
				GCC_OPTIMIZATION_LEVEL = 0;
				GCC_PREPROCESSOR_DEFINITIONS = (
					"DEBUG=1",
					"$(inherited)",
				);
				GCC_WARN_64_TO_32_BIT_CONVERSION = YES;
				GCC_WARN_ABOUT_RETURN_TYPE = YES_ERROR;
				GCC_WARN_UNDECLARED_SELECTOR = YES;
				GCC_WARN_UNINITIALIZED_AUTOS = YES_AGGRESSIVE;
				GCC_WARN_UNUSED_FUNCTION = YES;
				GCC_WARN_UNUSED_VARIABLE = YES;
				IPHONEOS_DEPLOYMENT_TARGET = 10.2;
				MTL_ENABLE_DEBUG_INFO = YES;
				ONLY_ACTIVE_ARCH = YES;
				SDKROOT = iphoneos;
				SWIFT_ACTIVE_COMPILATION_CONDITIONS = DEBUG;
				SWIFT_OPTIMIZATION_LEVEL = "-Onone";
				TARGETED_DEVICE_FAMILY = "1,2";
			};
			name = Debug;
		};
		0C4F4DFA1E3F07E50075085E /* Release */ = {
			isa = XCBuildConfiguration;
			buildSettings = {
				ALWAYS_SEARCH_USER_PATHS = NO;
				CLANG_ANALYZER_NONNULL = YES;
				CLANG_CXX_LANGUAGE_STANDARD = "gnu++0x";
				CLANG_CXX_LIBRARY = "libc++";
				CLANG_ENABLE_MODULES = YES;
				CLANG_ENABLE_OBJC_ARC = YES;
				CLANG_WARN_BOOL_CONVERSION = YES;
				CLANG_WARN_CONSTANT_CONVERSION = YES;
				CLANG_WARN_DIRECT_OBJC_ISA_USAGE = YES_ERROR;
				CLANG_WARN_DOCUMENTATION_COMMENTS = YES;
				CLANG_WARN_EMPTY_BODY = YES;
				CLANG_WARN_ENUM_CONVERSION = YES;
				CLANG_WARN_INFINITE_RECURSION = YES;
				CLANG_WARN_INT_CONVERSION = YES;
				CLANG_WARN_OBJC_ROOT_CLASS = YES_ERROR;
				CLANG_WARN_SUSPICIOUS_MOVE = YES;
				CLANG_WARN_UNREACHABLE_CODE = YES;
				CLANG_WARN__DUPLICATE_METHOD_MATCH = YES;
				"CODE_SIGN_IDENTITY[sdk=iphoneos*]" = "iPhone Developer";
				COPY_PHASE_STRIP = NO;
				DEBUG_INFORMATION_FORMAT = "dwarf-with-dsym";
				ENABLE_NS_ASSERTIONS = NO;
				ENABLE_STRICT_OBJC_MSGSEND = YES;
				GCC_C_LANGUAGE_STANDARD = gnu99;
				GCC_NO_COMMON_BLOCKS = YES;
				GCC_WARN_64_TO_32_BIT_CONVERSION = YES;
				GCC_WARN_ABOUT_RETURN_TYPE = YES_ERROR;
				GCC_WARN_UNDECLARED_SELECTOR = YES;
				GCC_WARN_UNINITIALIZED_AUTOS = YES_AGGRESSIVE;
				GCC_WARN_UNUSED_FUNCTION = YES;
				GCC_WARN_UNUSED_VARIABLE = YES;
				IPHONEOS_DEPLOYMENT_TARGET = 10.2;
				MTL_ENABLE_DEBUG_INFO = NO;
				SDKROOT = iphoneos;
				SWIFT_OPTIMIZATION_LEVEL = "-Owholemodule";
				TARGETED_DEVICE_FAMILY = "1,2";
				VALIDATE_PRODUCT = YES;
			};
			name = Release;
		};
		0C4F4DFC1E3F07E50075085E /* Debug */ = {
			isa = XCBuildConfiguration;
			baseConfigurationReference = 9DB6A23E5C4744161B84EA30 /* Pods-PromoHunt.debug.xcconfig */;
			buildSettings = {
				ASSETCATALOG_COMPILER_APPICON_NAME = AppIcon;
				DEVELOPMENT_TEAM = NC6PEUTA52;
				INFOPLIST_FILE = PromoHunt/Info.plist;
				LD_RUNPATH_SEARCH_PATHS = "$(inherited) @executable_path/Frameworks";
				PRODUCT_BUNDLE_IDENTIFIER = codes.promohunt.PromoHunt;
				PRODUCT_NAME = "$(TARGET_NAME)";
				SWIFT_VERSION = 3.0;
			};
			name = Debug;
		};
		0C4F4DFD1E3F07E50075085E /* Release */ = {
			isa = XCBuildConfiguration;
			baseConfigurationReference = 4E943EF0C5C271C4F426DADD /* Pods-PromoHunt.release.xcconfig */;
			buildSettings = {
				ASSETCATALOG_COMPILER_APPICON_NAME = AppIcon;
				DEVELOPMENT_TEAM = NC6PEUTA52;
				INFOPLIST_FILE = PromoHunt/Info.plist;
				LD_RUNPATH_SEARCH_PATHS = "$(inherited) @executable_path/Frameworks";
				PRODUCT_BUNDLE_IDENTIFIER = codes.promohunt.PromoHunt;
				PRODUCT_NAME = "$(TARGET_NAME)";
				SWIFT_VERSION = 3.0;
			};
			name = Release;
		};
		0C4F4DFF1E3F07E50075085E /* Debug */ = {
			isa = XCBuildConfiguration;
			baseConfigurationReference = 8D089B5901193D6E4A67257B /* Pods-PromoHuntTests.debug.xcconfig */;
			buildSettings = {
				ALWAYS_EMBED_SWIFT_STANDARD_LIBRARIES = YES;
				BUNDLE_LOADER = "$(TEST_HOST)";
				DEVELOPMENT_TEAM = NC6PEUTA52;
				INFOPLIST_FILE = PromoHuntTests/Info.plist;
				LD_RUNPATH_SEARCH_PATHS = "$(inherited) @executable_path/Frameworks @loader_path/Frameworks";
				PRODUCT_BUNDLE_IDENTIFIER = codes.promohunt.PromoHuntTests;
				PRODUCT_NAME = "$(TARGET_NAME)";
				SWIFT_VERSION = 3.0;
				TEST_HOST = "$(BUILT_PRODUCTS_DIR)/PromoHunt.app/PromoHunt";
			};
			name = Debug;
		};
		0C4F4E001E3F07E50075085E /* Release */ = {
			isa = XCBuildConfiguration;
			baseConfigurationReference = BFEF774E4C75C8B1D7CC0D8E /* Pods-PromoHuntTests.release.xcconfig */;
			buildSettings = {
				ALWAYS_EMBED_SWIFT_STANDARD_LIBRARIES = YES;
				BUNDLE_LOADER = "$(TEST_HOST)";
				DEVELOPMENT_TEAM = NC6PEUTA52;
				INFOPLIST_FILE = PromoHuntTests/Info.plist;
				LD_RUNPATH_SEARCH_PATHS = "$(inherited) @executable_path/Frameworks @loader_path/Frameworks";
				PRODUCT_BUNDLE_IDENTIFIER = codes.promohunt.PromoHuntTests;
				PRODUCT_NAME = "$(TARGET_NAME)";
				SWIFT_VERSION = 3.0;
				TEST_HOST = "$(BUILT_PRODUCTS_DIR)/PromoHunt.app/PromoHunt";
			};
			name = Release;
		};
		0C4F4E021E3F07E50075085E /* Debug */ = {
			isa = XCBuildConfiguration;
			buildSettings = {
				ALWAYS_EMBED_SWIFT_STANDARD_LIBRARIES = YES;
				DEVELOPMENT_TEAM = NC6PEUTA52;
				INFOPLIST_FILE = PromoHuntUITests/Info.plist;
				LD_RUNPATH_SEARCH_PATHS = "$(inherited) @executable_path/Frameworks @loader_path/Frameworks";
				PRODUCT_BUNDLE_IDENTIFIER = codes.promohunt.PromoHuntUITests;
				PRODUCT_NAME = "$(TARGET_NAME)";
				SWIFT_VERSION = 3.0;
				TEST_TARGET_NAME = PromoHunt;
			};
			name = Debug;
		};
		0C4F4E031E3F07E50075085E /* Release */ = {
			isa = XCBuildConfiguration;
			buildSettings = {
				ALWAYS_EMBED_SWIFT_STANDARD_LIBRARIES = YES;
				DEVELOPMENT_TEAM = NC6PEUTA52;
				INFOPLIST_FILE = PromoHuntUITests/Info.plist;
				LD_RUNPATH_SEARCH_PATHS = "$(inherited) @executable_path/Frameworks @loader_path/Frameworks";
				PRODUCT_BUNDLE_IDENTIFIER = codes.promohunt.PromoHuntUITests;
				PRODUCT_NAME = "$(TARGET_NAME)";
				SWIFT_VERSION = 3.0;
				TEST_TARGET_NAME = PromoHunt;
			};
			name = Release;
		};
/* End XCBuildConfiguration section */

/* Begin XCConfigurationList section */
		0C4F4DCE1E3F07E50075085E /* Build configuration list for PBXProject "PromoHunt" */ = {
			isa = XCConfigurationList;
			buildConfigurations = (
				0C4F4DF91E3F07E50075085E /* Debug */,
				0C4F4DFA1E3F07E50075085E /* Release */,
			);
			defaultConfigurationIsVisible = 0;
			defaultConfigurationName = Release;
		};
		0C4F4DFB1E3F07E50075085E /* Build configuration list for PBXNativeTarget "PromoHunt" */ = {
			isa = XCConfigurationList;
			buildConfigurations = (
				0C4F4DFC1E3F07E50075085E /* Debug */,
				0C4F4DFD1E3F07E50075085E /* Release */,
			);
			defaultConfigurationIsVisible = 0;
			defaultConfigurationName = Release;
		};
		0C4F4DFE1E3F07E50075085E /* Build configuration list for PBXNativeTarget "PromoHuntTests" */ = {
			isa = XCConfigurationList;
			buildConfigurations = (
				0C4F4DFF1E3F07E50075085E /* Debug */,
				0C4F4E001E3F07E50075085E /* Release */,
			);
			defaultConfigurationIsVisible = 0;
			defaultConfigurationName = Release;
		};
		0C4F4E011E3F07E50075085E /* Build configuration list for PBXNativeTarget "PromoHuntUITests" */ = {
			isa = XCConfigurationList;
			buildConfigurations = (
				0C4F4E021E3F07E50075085E /* Debug */,
				0C4F4E031E3F07E50075085E /* Release */,
			);
			defaultConfigurationIsVisible = 0;
			defaultConfigurationName = Release;
		};
/* End XCConfigurationList section */
	};
	rootObject = 0C4F4DCB1E3F07E50075085E /* Project object */;
}
